// !$*UTF8*$!
{
	archiveVersion = 1;
	classes = {
	};
	objectVersion = 46;
	objects = {

/* Begin PBXBuildFile section */
		AAC0B8851BF2EC02002C158E /* AppDelegate.swift in Sources */ = {isa = PBXBuildFile; fileRef = AAC0B8841BF2EC02002C158E /* AppDelegate.swift */; };
		AAC0B8871BF2EC02002C158E /* ViewController.swift in Sources */ = {isa = PBXBuildFile; fileRef = AAC0B8861BF2EC02002C158E /* ViewController.swift */; };
		AAC0B88A1BF2EC02002C158E /* Main.storyboard in Resources */ = {isa = PBXBuildFile; fileRef = AAC0B8881BF2EC02002C158E /* Main.storyboard */; };
		AAC0B88C1BF2EC02002C158E /* Assets.xcassets in Resources */ = {isa = PBXBuildFile; fileRef = AAC0B88B1BF2EC02002C158E /* Assets.xcassets */; };
		AAC0B88F1BF2EC02002C158E /* LaunchScreen.storyboard in Resources */ = {isa = PBXBuildFile; fileRef = AAC0B88D1BF2EC02002C158E /* LaunchScreen.storyboard */; };
/* End PBXBuildFile section */

/* Begin PBXFileReference section */
		AAC0B8811BF2EC02002C158E /* RottenTomatoes.app */ = {isa = PBXFileReference; explicitFileType = wrapper.application; includeInIndex = 0; path = RottenTomatoes.app; sourceTree = BUILT_PRODUCTS_DIR; };
		AAC0B8841BF2EC02002C158E /* AppDelegate.swift */ = {isa = PBXFileReference; lastKnownFileType = sourcecode.swift; path = AppDelegate.swift; sourceTree = "<group>"; };
		AAC0B8861BF2EC02002C158E /* ViewController.swift */ = {isa = PBXFileReference; lastKnownFileType = sourcecode.swift; path = ViewController.swift; sourceTree = "<group>"; };
		AAC0B8891BF2EC02002C158E /* Base */ = {isa = PBXFileReference; lastKnownFileType = file.storyboard; name = Base; path = Base.lproj/Main.storyboard; sourceTree = "<group>"; };
		AAC0B88B1BF2EC02002C158E /* Assets.xcassets */ = {isa = PBXFileReference; lastKnownFileType = folder.assetcatalog; path = Assets.xcassets; sourceTree = "<group>"; };
		AAC0B88E1BF2EC02002C158E /* Base */ = {isa = PBXFileReference; lastKnownFileType = file.storyboard; name = Base; path = Base.lproj/LaunchScreen.storyboard; sourceTree = "<group>"; };
		AAC0B8901BF2EC02002C158E /* Info.plist */ = {isa = PBXFileReference; lastKnownFileType = text.plist.xml; path = Info.plist; sourceTree = "<group>"; };
/* End PBXFileReference section */

/* Begin PBXFrameworksBuildPhase section */
		AAC0B87E1BF2EC02002C158E /* Frameworks */ = {
			isa = PBXFrameworksBuildPhase;
			buildActionMask = 2147483647;
			files = (
			);
			runOnlyForDeploymentPostprocessing = 0;
		};
/* End PBXFrameworksBuildPhase section */

/* Begin PBXGroup section */
		AAC0B8781BF2EC02002C158E = {
			isa = PBXGroup;
			children = (
				AAC0B8831BF2EC02002C158E /* RottenTomatoes */,
				AAC0B8821BF2EC02002C158E /* Products */,
			);
			sourceTree = "<group>";
		};
		AAC0B8821BF2EC02002C158E /* Products */ = {
			isa = PBXGroup;
			children = (
				AAC0B8811BF2EC02002C158E /* RottenTomatoes.app */,
			);
			name = Products;
			sourceTree = "<group>";
		};
		AAC0B8831BF2EC02002C158E /* RottenTomatoes */ = {
			isa = PBXGroup;
			children = (
				AAC0B8841BF2EC02002C158E /* AppDelegate.swift */,
				AAC0B8861BF2EC02002C158E /* ViewController.swift */,
				AAC0B8881BF2EC02002C158E /* Main.storyboard */,
				AAC0B88B1BF2EC02002C158E /* Assets.xcassets */,
				AAC0B88D1BF2EC02002C158E /* LaunchScreen.storyboard */,
				AAC0B8901BF2EC02002C158E /* Info.plist */,
			);
			path = RottenTomatoes;
			sourceTree = "<group>";
		};
/* End PBXGroup section */

/* Begin PBXNativeTarget section */
		AAC0B8801BF2EC02002C158E /* RottenTomatoes */ = {
			isa = PBXNativeTarget;
			buildConfigurationList = AAC0B8931BF2EC02002C158E /* Build configuration list for PBXNativeTarget "RottenTomatoes" */;
			buildPhases = (
				AAC0B87D1BF2EC02002C158E /* Sources */,
				AAC0B87E1BF2EC02002C158E /* Frameworks */,
				AAC0B87F1BF2EC02002C158E /* Resources */,
			);
			buildRules = (
			);
			dependencies = (
			);
			name = RottenTomatoes;
			productName = RottenTomatoes;
			productReference = AAC0B8811BF2EC02002C158E /* RottenTomatoes.app */;
			productType = "com.apple.product-type.application";
		};
/* End PBXNativeTarget section */

/* Begin PBXProject section */
		AAC0B8791BF2EC02002C158E /* Project object */ = {
			isa = PBXProject;
			attributes = {
				LastSwiftUpdateCheck = 0710;
				LastUpgradeCheck = 0710;
				ORGANIZATIONNAME = datnguyen;
				TargetAttributes = {
					AAC0B8801BF2EC02002C158E = {
						CreatedOnToolsVersion = 7.1.1;
					};
				};
			};
			buildConfigurationList = AAC0B87C1BF2EC02002C158E /* Build configuration list for PBXProject "RottenTomatoes" */;
			compatibilityVersion = "Xcode 3.2";
			developmentRegion = English;
			hasScannedForEncodings = 0;
			knownRegions = (
				en,
				Base,
			);
			mainGroup = AAC0B8781BF2EC02002C158E;
			productRefGroup = AAC0B8821BF2EC02002C158E /* Products */;
			projectDirPath = "";
			projectRoot = "";
			targets = (
				AAC0B8801BF2EC02002C158E /* RottenTomatoes */,
			);
		};
/* End PBXProject section */

/* Begin PBXResourcesBuildPhase section */
		AAC0B87F1BF2EC02002C158E /* Resources */ = {
			isa = PBXResourcesBuildPhase;
			buildActionMask = 2147483647;
			files = (
				AAC0B88F1BF2EC02002C158E /* LaunchScreen.storyboard in Resources */,
				AAC0B88C1BF2EC02002C158E /* Assets.xcassets in Resources */,
				AAC0B88A1BF2EC02002C158E /* Main.storyboard in Resources */,
			);
			runOnlyForDeploymentPostprocessing = 0;
		};
/* End PBXResourcesBuildPhase section */

/* Begin PBXSourcesBuildPhase section */
		AAC0B87D1BF2EC02002C158E /* Sources */ = {
			isa = PBXSourcesBuildPhase;
			buildActionMask = 2147483647;
			files = (
				AAC0B8871BF2EC02002C158E /* ViewController.swift in Sources */,
				AAC0B8851BF2EC02002C158E /* AppDelegate.swift in Sources */,
			);
			runOnlyForDeploymentPostprocessing = 0;
		};
/* End PBXSourcesBuildPhase section */

/* Begin PBXVariantGroup section */
		AAC0B8881BF2EC02002C158E /* Main.storyboard */ = {
			isa = PBXVariantGroup;
			children = (
				AAC0B8891BF2EC02002C158E /* Base */,
			);
			name = Main.storyboard;
			sourceTree = "<group>";
		};
		AAC0B88D1BF2EC02002C158E /* LaunchScreen.storyboard */ = {
			isa = PBXVariantGroup;
			children = (
				AAC0B88E1BF2EC02002C158E /* Base */,
			);
			name = LaunchScreen.storyboard;
			sourceTree = "<group>";
		};
/* End PBXVariantGroup section */

/* Begin XCBuildConfiguration section */
		AAC0B8911BF2EC02002C158E /* Debug */ = {
			isa = XCBuildConfiguration;
			buildSettings = {
				ALWAYS_SEARCH_USER_PATHS = NO;
				CLANG_CXX_LANGUAGE_STANDARD = "gnu++0x";
				CLANG_CXX_LIBRARY = "libc++";
				CLANG_ENABLE_MODULES = YES;
				CLANG_ENABLE_OBJC_ARC = YES;
				CLANG_WARN_BOOL_CONVERSION = YES;
				CLANG_WARN_CONSTANT_CONVERSION = YES;
				CLANG_WARN_DIRECT_OBJC_ISA_USAGE = YES_ERROR;
				CLANG_WARN_EMPTY_BODY = YES;
				CLANG_WARN_ENUM_CONVERSION = YES;
				CLANG_WARN_INT_CONVERSION = YES;
				CLANG_WARN_OBJC_ROOT_CLASS = YES_ERROR;
				CLANG_WARN_UNREACHABLE_CODE = YES;
				CLANG_WARN__DUPLICATE_METHOD_MATCH = YES;
				"CODE_SIGN_IDENTITY[sdk=iphoneos*]" = "iPhone Developer";
				COPY_PHASE_STRIP = NO;
				DEBUG_INFORMATION_FORMAT = dwarf;
				ENABLE_STRICT_OBJC_MSGSEND = YES;
				ENABLE_TESTABILITY = YES;
				GCC_C_LANGUAGE_STANDARD = gnu99;
				GCC_DYNAMIC_NO_PIC = NO;
				GCC_NO_COMMON_BLOCKS = YES;
				GCC_OPTIMIZATION_LEVEL = 0;
				GCC_PREPROCESSOR_DEFINITIONS = (
					"DEBUG=1",
					"$(inherited)",
				);
				GCC_WARN_64_TO_32_BIT_CONVERSION = YES;
				GCC_WARN_ABOUT_RETURN_TYPE = YES_ERROR;
				GCC_WARN_UNDECLARED_SELECTOR = YES;
				GCC_WARN_UNINITIALIZED_AUTOS = YES_AGGRESSIVE;
				GCC_WARN_UNUSED_FUNCTION = YES;
				GCC_WARN_UNUSED_VARIABLE = YES;
				IPHONEOS_DEPLOYMENT_TARGET = 9.1;
				MTL_ENABLE_DEBUG_INFO = YES;
				ONLY_ACTIVE_ARCH = YES;
				SDKROOT = iphoneos;
				SWIFT_OPTIMIZATION_LEVEL = "-Onone";
			};
			name = Debug;
		};
		AAC0B8921BF2EC02002C158E /* Release */ = {
			isa = XCBuildConfiguration;
			buildSettings = {
				ALWAYS_SEARCH_USER_PATHS = NO;
				CLANG_CXX_LANGUAGE_STANDARD = "gnu++0x";
				CLANG_CXX_LIBRARY = "libc++";
				CLANG_ENABLE_MODULES = YES;
				CLANG_ENABLE_OBJC_ARC = YES;
				CLANG_WARN_BOOL_CONVERSION = YES;
				CLANG_WARN_CONSTANT_CONVERSION = YES;
				CLANG_WARN_DIRECT_OBJC_ISA_USAGE = YES_ERROR;
				CLANG_WARN_EMPTY_BODY = YES;
				CLANG_WARN_ENUM_CONVERSION = YES;
				CLANG_WARN_INT_CONVERSION = YES;
				CLANG_WARN_OBJC_ROOT_CLASS = YES_ERROR;
				CLANG_WARN_UNREACHABLE_CODE = YES;
				CLANG_WARN__DUPLICATE_METHOD_MATCH = YES;
				"CODE_SIGN_IDENTITY[sdk=iphoneos*]" = "iPhone Developer";
				COPY_PHASE_STRIP = NO;
				DEBUG_INFORMATION_FORMAT = "dwarf-with-dsym";
				ENABLE_NS_ASSERTIONS = NO;
				ENABLE_STRICT_OBJC_MSGSEND = YES;
				GCC_C_LANGUAGE_STANDARD = gnu99;
				GCC_NO_COMMON_BLOCKS = YES;
				GCC_WARN_64_TO_32_BIT_CONVERSION = YES;
				GCC_WARN_ABOUT_RETURN_TYPE = YES_ERROR;
				GCC_WARN_UNDECLARED_SELECTOR = YES;
				GCC_WARN_UNINITIALIZED_AUTOS = YES_AGGRESSIVE;
				GCC_WARN_UNUSED_FUNCTION = YES;
				GCC_WARN_UNUSED_VARIABLE = YES;
				IPHONEOS_DEPLOYMENT_TARGET = 9.1;
				MTL_ENABLE_DEBUG_INFO = NO;
				SDKROOT = iphoneos;
				VALIDATE_PRODUCT = YES;
			};
			name = Release;
		};
		AAC0B8941BF2EC02002C158E /* Debug */ = {
			isa = XCBuildConfiguration;
			buildSettings = {
				ASSETCATALOG_COMPILER_APPICON_NAME = AppIcon;
				INFOPLIST_FILE = RottenTomatoes/Info.plist;
				LD_RUNPATH_SEARCH_PATHS = "$(inherited) @executable_path/Frameworks";
				PRODUCT_BUNDLE_IDENTIFIER = com.datnguyen.RottenTomatoes;
				PRODUCT_NAME = "$(TARGET_NAME)";
			};
			name = Debug;
		};
		AAC0B8951BF2EC02002C158E /* Release */ = {
			isa = XCBuildConfiguration;
			buildSettings = {
				ASSETCATALOG_COMPILER_APPICON_NAME = AppIcon;
				INFOPLIST_FILE = RottenTomatoes/Info.plist;
				LD_RUNPATH_SEARCH_PATHS = "$(inherited) @executable_path/Frameworks";
				PRODUCT_BUNDLE_IDENTIFIER = com.datnguyen.RottenTomatoes;
				PRODUCT_NAME = "$(TARGET_NAME)";
			};
			name = Release;
		};
/* End XCBuildConfiguration section */

/* Begin XCConfigurationList section */
		AAC0B87C1BF2EC02002C158E /* Build configuration list for PBXProject "RottenTomatoes" */ = {
			isa = XCConfigurationList;
			buildConfigurations = (
				AAC0B8911BF2EC02002C158E /* Debug */,
				AAC0B8921BF2EC02002C158E /* Release */,
			);
			defaultConfigurationIsVisible = 0;
			defaultConfigurationName = Release;
		};
		AAC0B8931BF2EC02002C158E /* Build configuration list for PBXNativeTarget "RottenTomatoes" */ = {
			isa = XCConfigurationList;
			buildConfigurations = (
				AAC0B8941BF2EC02002C158E /* Debug */,
				AAC0B8951BF2EC02002C158E /* Release */,
			);
			defaultConfigurationIsVisible = 0;
		};
/* End XCConfigurationList section */
	};
	rootObject = AAC0B8791BF2EC02002C158E /* Project object */;
}
